// !$*UTF8*$!
{
	archiveVersion = 1;
	classes = {
	};
	objectVersion = 56;
	objects = {

/* Begin PBXBuildFile section */
		CC1168D22C10A22D00D9F529 /* SecretKey.swift in Sources */ = {isa = PBXBuildFile; fileRef = CC1168D12C10A22D00D9F529 /* SecretKey.swift */; };
		CC1168D62C113EDB00D9F529 /* WordTag.swift in Sources */ = {isa = PBXBuildFile; fileRef = CC1168D52C113EDB00D9F529 /* WordTag.swift */; };
		CC1168D82C1149CC00D9F529 /* StoryView.swift in Sources */ = {isa = PBXBuildFile; fileRef = CC1168D72C1149CC00D9F529 /* StoryView.swift */; };
		CC30DD002C0F8FF3004A0474 /* TagView.swift in Sources */ = {isa = PBXBuildFile; fileRef = CC30DCFF2C0F8FF3004A0474 /* TagView.swift */; };
		CC30DD022C0FEC0C004A0474 /* OpenAIFile.swift in Sources */ = {isa = PBXBuildFile; fileRef = CC30DD012C0FEC0C004A0474 /* OpenAIFile.swift */; };
		CC62C9392BF63A30009182DA /* Camp_TalesApp.swift in Sources */ = {isa = PBXBuildFile; fileRef = CC62C9382BF63A30009182DA /* Camp_TalesApp.swift */; };
		CC62C93B2BF63A30009182DA /* ContentView.swift in Sources */ = {isa = PBXBuildFile; fileRef = CC62C93A2BF63A30009182DA /* ContentView.swift */; };
		CC62C93D2BF63A31009182DA /* Assets.xcassets in Resources */ = {isa = PBXBuildFile; fileRef = CC62C93C2BF63A31009182DA /* Assets.xcassets */; };
		CC62C9402BF63A31009182DA /* Preview Assets.xcassets in Resources */ = {isa = PBXBuildFile; fileRef = CC62C93F2BF63A31009182DA /* Preview Assets.xcassets */; };
		CC62C94A2BF63A31009182DA /* Camp_TalesTests.swift in Sources */ = {isa = PBXBuildFile; fileRef = CC62C9492BF63A31009182DA /* Camp_TalesTests.swift */; };
		CC62C9542BF63A31009182DA /* Camp_TalesUITests.swift in Sources */ = {isa = PBXBuildFile; fileRef = CC62C9532BF63A31009182DA /* Camp_TalesUITests.swift */; };
		CC62C9562BF63A31009182DA /* Camp_TalesUITestsLaunchTests.swift in Sources */ = {isa = PBXBuildFile; fileRef = CC62C9552BF63A31009182DA /* Camp_TalesUITestsLaunchTests.swift */; };
		CC62C9632BF63F61009182DA /* WelcomePage.swift in Sources */ = {isa = PBXBuildFile; fileRef = CC62C9622BF63F61009182DA /* WelcomePage.swift */; };
		CC787FCE2C116F20000ADB42 /* DropAreaView.swift in Sources */ = {isa = PBXBuildFile; fileRef = CC787FCD2C116F20000ADB42 /* DropAreaView.swift */; };
		CC883A982C00DA2800C3A233 /* Player_List.swift in Sources */ = {isa = PBXBuildFile; fileRef = CC883A972C00DA2800C3A233 /* Player_List.swift */; };
		CC883A9A2C08C1C800C3A233 /* SplashScreen.swift in Sources */ = {isa = PBXBuildFile; fileRef = CC883A992C08C1C800C3A233 /* SplashScreen.swift */; };
		CC883AAB2C0A088000C3A233 /* aptos.ttf in Resources */ = {isa = PBXBuildFile; fileRef = CC883AAA2C0A088000C3A233 /* aptos.ttf */; };
		CC883AAE2C0A0A6800C3A233 /* aptos-bold.ttf in Resources */ = {isa = PBXBuildFile; fileRef = CC883AAD2C0A0A6800C3A233 /* aptos-bold.ttf */; };
		CC883AB02C0A0A7A00C3A233 /* aptos-italic.ttf in Resources */ = {isa = PBXBuildFile; fileRef = CC883AAF2C0A0A7A00C3A233 /* aptos-italic.ttf */; };
		CC883AB22C0D5DD700C3A233 /* Players.swift in Sources */ = {isa = PBXBuildFile; fileRef = CC883AB12C0D5DD700C3A233 /* Players.swift */; };
		CC883AB42C0D641800C3A233 /* PlayerManager.swift in Sources */ = {isa = PBXBuildFile; fileRef = CC883AB32C0D641800C3A233 /* PlayerManager.swift */; };
		CC883AB62C0D6AA800C3A233 /* PlayerCard.swift in Sources */ = {isa = PBXBuildFile; fileRef = CC883AB52C0D6AA800C3A233 /* PlayerCard.swift */; };
		CC883AB82C0EBE2300C3A233 /* GenreView.swift in Sources */ = {isa = PBXBuildFile; fileRef = CC883AB72C0EBE2300C3A233 /* GenreView.swift */; };
/* End PBXBuildFile section */

/* Begin PBXContainerItemProxy section */
		CC62C9462BF63A31009182DA /* PBXContainerItemProxy */ = {
			isa = PBXContainerItemProxy;
			containerPortal = CC62C92D2BF63A30009182DA /* Project object */;
			proxyType = 1;
			remoteGlobalIDString = CC62C9342BF63A30009182DA;
			remoteInfo = "Camp Tales";
		};
		CC62C9502BF63A31009182DA /* PBXContainerItemProxy */ = {
			isa = PBXContainerItemProxy;
			containerPortal = CC62C92D2BF63A30009182DA /* Project object */;
			proxyType = 1;
			remoteGlobalIDString = CC62C9342BF63A30009182DA;
			remoteInfo = "Camp Tales";
		};
/* End PBXContainerItemProxy section */

/* Begin PBXFileReference section */
		CC1168D12C10A22D00D9F529 /* SecretKey.swift */ = {isa = PBXFileReference; lastKnownFileType = sourcecode.swift; path = SecretKey.swift; sourceTree = "<group>"; };
		CC1168D52C113EDB00D9F529 /* WordTag.swift */ = {isa = PBXFileReference; lastKnownFileType = sourcecode.swift; path = WordTag.swift; sourceTree = "<group>"; };
		CC1168D72C1149CC00D9F529 /* StoryView.swift */ = {isa = PBXFileReference; lastKnownFileType = sourcecode.swift; path = StoryView.swift; sourceTree = "<group>"; };
		CC30DCFF2C0F8FF3004A0474 /* TagView.swift */ = {isa = PBXFileReference; lastKnownFileType = sourcecode.swift; path = TagView.swift; sourceTree = "<group>"; };
		CC30DD012C0FEC0C004A0474 /* OpenAIFile.swift */ = {isa = PBXFileReference; lastKnownFileType = sourcecode.swift; path = OpenAIFile.swift; sourceTree = "<group>"; };
		CC62C9352BF63A30009182DA /* Camp Tales.app */ = {isa = PBXFileReference; explicitFileType = wrapper.application; includeInIndex = 0; path = "Camp Tales.app"; sourceTree = BUILT_PRODUCTS_DIR; };
		CC62C9382BF63A30009182DA /* Camp_TalesApp.swift */ = {isa = PBXFileReference; lastKnownFileType = sourcecode.swift; path = Camp_TalesApp.swift; sourceTree = "<group>"; };
		CC62C93A2BF63A30009182DA /* ContentView.swift */ = {isa = PBXFileReference; lastKnownFileType = sourcecode.swift; path = ContentView.swift; sourceTree = "<group>"; };
		CC62C93C2BF63A31009182DA /* Assets.xcassets */ = {isa = PBXFileReference; lastKnownFileType = folder.assetcatalog; path = Assets.xcassets; sourceTree = "<group>"; };
		CC62C93F2BF63A31009182DA /* Preview Assets.xcassets */ = {isa = PBXFileReference; lastKnownFileType = folder.assetcatalog; path = "Preview Assets.xcassets"; sourceTree = "<group>"; };
		CC62C9452BF63A31009182DA /* Camp TalesTests.xctest */ = {isa = PBXFileReference; explicitFileType = wrapper.cfbundle; includeInIndex = 0; path = "Camp TalesTests.xctest"; sourceTree = BUILT_PRODUCTS_DIR; };
		CC62C9492BF63A31009182DA /* Camp_TalesTests.swift */ = {isa = PBXFileReference; lastKnownFileType = sourcecode.swift; path = Camp_TalesTests.swift; sourceTree = "<group>"; };
		CC62C94F2BF63A31009182DA /* Camp TalesUITests.xctest */ = {isa = PBXFileReference; explicitFileType = wrapper.cfbundle; includeInIndex = 0; path = "Camp TalesUITests.xctest"; sourceTree = BUILT_PRODUCTS_DIR; };
		CC62C9532BF63A31009182DA /* Camp_TalesUITests.swift */ = {isa = PBXFileReference; lastKnownFileType = sourcecode.swift; path = Camp_TalesUITests.swift; sourceTree = "<group>"; };
		CC62C9552BF63A31009182DA /* Camp_TalesUITestsLaunchTests.swift */ = {isa = PBXFileReference; lastKnownFileType = sourcecode.swift; path = Camp_TalesUITestsLaunchTests.swift; sourceTree = "<group>"; };
		CC62C9622BF63F61009182DA /* WelcomePage.swift */ = {isa = PBXFileReference; lastKnownFileType = sourcecode.swift; path = WelcomePage.swift; sourceTree = "<group>"; };
		CC787FCD2C116F20000ADB42 /* DropAreaView.swift */ = {isa = PBXFileReference; lastKnownFileType = sourcecode.swift; path = DropAreaView.swift; sourceTree = "<group>"; };
		CC883A972C00DA2800C3A233 /* Player_List.swift */ = {isa = PBXFileReference; lastKnownFileType = sourcecode.swift; path = Player_List.swift; sourceTree = "<group>"; };
		CC883A992C08C1C800C3A233 /* SplashScreen.swift */ = {isa = PBXFileReference; lastKnownFileType = sourcecode.swift; path = SplashScreen.swift; sourceTree = "<group>"; };
		CC883AA92C0A073500C3A233 /* Camp-Tales-Info.plist */ = {isa = PBXFileReference; lastKnownFileType = text.plist; path = "Camp-Tales-Info.plist"; sourceTree = SOURCE_ROOT; };
		CC883AAA2C0A088000C3A233 /* aptos.ttf */ = {isa = PBXFileReference; lastKnownFileType = file; path = aptos.ttf; sourceTree = "<group>"; };
		CC883AAD2C0A0A6800C3A233 /* aptos-bold.ttf */ = {isa = PBXFileReference; lastKnownFileType = file; path = "aptos-bold.ttf"; sourceTree = "<group>"; };
		CC883AAF2C0A0A7A00C3A233 /* aptos-italic.ttf */ = {isa = PBXFileReference; lastKnownFileType = file; path = "aptos-italic.ttf"; sourceTree = "<group>"; };
		CC883AB12C0D5DD700C3A233 /* Players.swift */ = {isa = PBXFileReference; lastKnownFileType = sourcecode.swift; path = Players.swift; sourceTree = "<group>"; };
		CC883AB32C0D641800C3A233 /* PlayerManager.swift */ = {isa = PBXFileReference; lastKnownFileType = sourcecode.swift; path = PlayerManager.swift; sourceTree = "<group>"; };
		CC883AB52C0D6AA800C3A233 /* PlayerCard.swift */ = {isa = PBXFileReference; lastKnownFileType = sourcecode.swift; path = PlayerCard.swift; sourceTree = "<group>"; };
		CC883AB72C0EBE2300C3A233 /* GenreView.swift */ = {isa = PBXFileReference; lastKnownFileType = sourcecode.swift; path = GenreView.swift; sourceTree = "<group>"; };
/* End PBXFileReference section */

/* Begin PBXFrameworksBuildPhase section */
		CC62C9322BF63A30009182DA /* Frameworks */ = {
			isa = PBXFrameworksBuildPhase;
			buildActionMask = 2147483647;
			files = (
			);
			runOnlyForDeploymentPostprocessing = 0;
		};
		CC62C9422BF63A31009182DA /* Frameworks */ = {
			isa = PBXFrameworksBuildPhase;
			buildActionMask = 2147483647;
			files = (
			);
			runOnlyForDeploymentPostprocessing = 0;
		};
		CC62C94C2BF63A31009182DA /* Frameworks */ = {
			isa = PBXFrameworksBuildPhase;
			buildActionMask = 2147483647;
			files = (
			);
			runOnlyForDeploymentPostprocessing = 0;
		};
/* End PBXFrameworksBuildPhase section */

/* Begin PBXGroup section */
		CC62C92C2BF63A30009182DA = {
			isa = PBXGroup;
			children = (
				CC62C9372BF63A30009182DA /* Camp Tales */,
				CC62C9482BF63A31009182DA /* Camp TalesTests */,
				CC62C9522BF63A31009182DA /* Camp TalesUITests */,
				CC62C9362BF63A30009182DA /* Products */,
			);
			sourceTree = "<group>";
		};
		CC62C9362BF63A30009182DA /* Products */ = {
			isa = PBXGroup;
			children = (
				CC62C9352BF63A30009182DA /* Camp Tales.app */,
				CC62C9452BF63A31009182DA /* Camp TalesTests.xctest */,
				CC62C94F2BF63A31009182DA /* Camp TalesUITests.xctest */,
			);
			name = Products;
			sourceTree = "<group>";
		};
		CC62C9372BF63A30009182DA /* Camp Tales */ = {
			isa = PBXGroup;
			children = (
				CC883AA92C0A073500C3A233 /* Camp-Tales-Info.plist */,
				CC62C9382BF63A30009182DA /* Camp_TalesApp.swift */,
				CC62C93A2BF63A30009182DA /* ContentView.swift */,
				CC883A992C08C1C800C3A233 /* SplashScreen.swift */,
				CC1168D12C10A22D00D9F529 /* SecretKey.swift */,
				CC883AB72C0EBE2300C3A233 /* GenreView.swift */,
				CC30DD012C0FEC0C004A0474 /* OpenAIFile.swift */,
				CC30DCFF2C0F8FF3004A0474 /* TagView.swift */,
				CC1168D72C1149CC00D9F529 /* StoryView.swift */,
				CC1168D52C113EDB00D9F529 /* WordTag.swift */,
				CC787FCD2C116F20000ADB42 /* DropAreaView.swift */,
				CC883A972C00DA2800C3A233 /* Player_List.swift */,
				CC883AB52C0D6AA800C3A233 /* PlayerCard.swift */,
				CC883AB32C0D641800C3A233 /* PlayerManager.swift */,
				CC883AB12C0D5DD700C3A233 /* Players.swift */,
				CC62C9622BF63F61009182DA /* WelcomePage.swift */,
				CC62C93C2BF63A31009182DA /* Assets.xcassets */,
				CC883AAC2C0A08F600C3A233 /* Aptos */,
				CC62C93E2BF63A31009182DA /* Preview Content */,
			);
			path = "Camp Tales";
			sourceTree = "<group>";
		};
		CC62C93E2BF63A31009182DA /* Preview Content */ = {
			isa = PBXGroup;
			children = (
				CC62C93F2BF63A31009182DA /* Preview Assets.xcassets */,
			);
			path = "Preview Content";
			sourceTree = "<group>";
		};
		CC62C9482BF63A31009182DA /* Camp TalesTests */ = {
			isa = PBXGroup;
			children = (
				CC62C9492BF63A31009182DA /* Camp_TalesTests.swift */,
			);
			path = "Camp TalesTests";
			sourceTree = "<group>";
		};
		CC62C9522BF63A31009182DA /* Camp TalesUITests */ = {
			isa = PBXGroup;
			children = (
				CC62C9532BF63A31009182DA /* Camp_TalesUITests.swift */,
				CC62C9552BF63A31009182DA /* Camp_TalesUITestsLaunchTests.swift */,
			);
			path = "Camp TalesUITests";
			sourceTree = "<group>";
		};
		CC883AAC2C0A08F600C3A233 /* Aptos */ = {
			isa = PBXGroup;
			children = (
				CC883AAF2C0A0A7A00C3A233 /* aptos-italic.ttf */,
				CC883AAD2C0A0A6800C3A233 /* aptos-bold.ttf */,
				CC883AAA2C0A088000C3A233 /* aptos.ttf */,
			);
			path = Aptos;
			sourceTree = "<group>";
		};
/* End PBXGroup section */

/* Begin PBXNativeTarget section */
		CC62C9342BF63A30009182DA /* Camp Tales */ = {
			isa = PBXNativeTarget;
			buildConfigurationList = CC62C9592BF63A31009182DA /* Build configuration list for PBXNativeTarget "Camp Tales" */;
			buildPhases = (
				CC62C9312BF63A30009182DA /* Sources */,
				CC62C9322BF63A30009182DA /* Frameworks */,
				CC62C9332BF63A30009182DA /* Resources */,
			);
			buildRules = (
			);
			dependencies = (
			);
			name = "Camp Tales";
			productName = "Camp Tales";
			productReference = CC62C9352BF63A30009182DA /* Camp Tales.app */;
			productType = "com.apple.product-type.application";
		};
		CC62C9442BF63A31009182DA /* Camp TalesTests */ = {
			isa = PBXNativeTarget;
			buildConfigurationList = CC62C95C2BF63A31009182DA /* Build configuration list for PBXNativeTarget "Camp TalesTests" */;
			buildPhases = (
				CC62C9412BF63A31009182DA /* Sources */,
				CC62C9422BF63A31009182DA /* Frameworks */,
				CC62C9432BF63A31009182DA /* Resources */,
			);
			buildRules = (
			);
			dependencies = (
				CC62C9472BF63A31009182DA /* PBXTargetDependency */,
			);
			name = "Camp TalesTests";
			productName = "Camp TalesTests";
			productReference = CC62C9452BF63A31009182DA /* Camp TalesTests.xctest */;
			productType = "com.apple.product-type.bundle.unit-test";
		};
		CC62C94E2BF63A31009182DA /* Camp TalesUITests */ = {
			isa = PBXNativeTarget;
			buildConfigurationList = CC62C95F2BF63A31009182DA /* Build configuration list for PBXNativeTarget "Camp TalesUITests" */;
			buildPhases = (
				CC62C94B2BF63A31009182DA /* Sources */,
				CC62C94C2BF63A31009182DA /* Frameworks */,
				CC62C94D2BF63A31009182DA /* Resources */,
			);
			buildRules = (
			);
			dependencies = (
				CC62C9512BF63A31009182DA /* PBXTargetDependency */,
			);
			name = "Camp TalesUITests";
			productName = "Camp TalesUITests";
			productReference = CC62C94F2BF63A31009182DA /* Camp TalesUITests.xctest */;
			productType = "com.apple.product-type.bundle.ui-testing";
		};
/* End PBXNativeTarget section */

/* Begin PBXProject section */
		CC62C92D2BF63A30009182DA /* Project object */ = {
			isa = PBXProject;
			attributes = {
				BuildIndependentTargetsInParallel = 1;
				LastSwiftUpdateCheck = 1520;
				LastUpgradeCheck = 1520;
				TargetAttributes = {
					CC62C9342BF63A30009182DA = {
						CreatedOnToolsVersion = 15.2;
					};
					CC62C9442BF63A31009182DA = {
						CreatedOnToolsVersion = 15.2;
						TestTargetID = CC62C9342BF63A30009182DA;
					};
					CC62C94E2BF63A31009182DA = {
						CreatedOnToolsVersion = 15.2;
						TestTargetID = CC62C9342BF63A30009182DA;
					};
				};
			};
			buildConfigurationList = CC62C9302BF63A30009182DA /* Build configuration list for PBXProject "Camp Tales" */;
			compatibilityVersion = "Xcode 14.0";
			developmentRegion = en;
			hasScannedForEncodings = 0;
			knownRegions = (
				en,
				Base,
			);
			mainGroup = CC62C92C2BF63A30009182DA;
			productRefGroup = CC62C9362BF63A30009182DA /* Products */;
			projectDirPath = "";
			projectRoot = "";
			targets = (
				CC62C9342BF63A30009182DA /* Camp Tales */,
				CC62C9442BF63A31009182DA /* Camp TalesTests */,
				CC62C94E2BF63A31009182DA /* Camp TalesUITests */,
			);
		};
/* End PBXProject section */

/* Begin PBXResourcesBuildPhase section */
		CC62C9332BF63A30009182DA /* Resources */ = {
			isa = PBXResourcesBuildPhase;
			buildActionMask = 2147483647;
			files = (
				CC62C9402BF63A31009182DA /* Preview Assets.xcassets in Resources */,
				CC883AAB2C0A088000C3A233 /* aptos.ttf in Resources */,
				CC62C93D2BF63A31009182DA /* Assets.xcassets in Resources */,
				CC883AB02C0A0A7A00C3A233 /* aptos-italic.ttf in Resources */,
				CC883AAE2C0A0A6800C3A233 /* aptos-bold.ttf in Resources */,
			);
			runOnlyForDeploymentPostprocessing = 0;
		};
		CC62C9432BF63A31009182DA /* Resources */ = {
			isa = PBXResourcesBuildPhase;
			buildActionMask = 2147483647;
			files = (
			);
			runOnlyForDeploymentPostprocessing = 0;
		};
		CC62C94D2BF63A31009182DA /* Resources */ = {
			isa = PBXResourcesBuildPhase;
			buildActionMask = 2147483647;
			files = (
			);
			runOnlyForDeploymentPostprocessing = 0;
		};
/* End PBXResourcesBuildPhase section */

/* Begin PBXSourcesBuildPhase section */
		CC62C9312BF63A30009182DA /* Sources */ = {
			isa = PBXSourcesBuildPhase;
			buildActionMask = 2147483647;
			files = (
				CC883AB82C0EBE2300C3A233 /* GenreView.swift in Sources */,
				CC787FCE2C116F20000ADB42 /* DropAreaView.swift in Sources */,
				CC1168D22C10A22D00D9F529 /* SecretKey.swift in Sources */,
				CC30DD002C0F8FF3004A0474 /* TagView.swift in Sources */,
				CC30DD022C0FEC0C004A0474 /* OpenAIFile.swift in Sources */,
				CC883AB22C0D5DD700C3A233 /* Players.swift in Sources */,
				CC883A9A2C08C1C800C3A233 /* SplashScreen.swift in Sources */,
				CC883AB62C0D6AA800C3A233 /* PlayerCard.swift in Sources */,
				CC1168D62C113EDB00D9F529 /* WordTag.swift in Sources */,
				CC883A982C00DA2800C3A233 /* Player_List.swift in Sources */,
				CC883AB42C0D641800C3A233 /* PlayerManager.swift in Sources */,
				CC1168D82C1149CC00D9F529 /* StoryView.swift in Sources */,
				CC62C9632BF63F61009182DA /* WelcomePage.swift in Sources */,
				CC62C93B2BF63A30009182DA /* ContentView.swift in Sources */,
				CC62C9392BF63A30009182DA /* Camp_TalesApp.swift in Sources */,
			);
			runOnlyForDeploymentPostprocessing = 0;
		};
		CC62C9412BF63A31009182DA /* Sources */ = {
			isa = PBXSourcesBuildPhase;
			buildActionMask = 2147483647;
			files = (
				CC62C94A2BF63A31009182DA /* Camp_TalesTests.swift in Sources */,
			);
			runOnlyForDeploymentPostprocessing = 0;
		};
		CC62C94B2BF63A31009182DA /* Sources */ = {
			isa = PBXSourcesBuildPhase;
			buildActionMask = 2147483647;
			files = (
				CC62C9542BF63A31009182DA /* Camp_TalesUITests.swift in Sources */,
				CC62C9562BF63A31009182DA /* Camp_TalesUITestsLaunchTests.swift in Sources */,
			);
			runOnlyForDeploymentPostprocessing = 0;
		};
/* End PBXSourcesBuildPhase section */

/* Begin PBXTargetDependency section */
		CC62C9472BF63A31009182DA /* PBXTargetDependency */ = {
			isa = PBXTargetDependency;
			target = CC62C9342BF63A30009182DA /* Camp Tales */;
			targetProxy = CC62C9462BF63A31009182DA /* PBXContainerItemProxy */;
		};
		CC62C9512BF63A31009182DA /* PBXTargetDependency */ = {
			isa = PBXTargetDependency;
			target = CC62C9342BF63A30009182DA /* Camp Tales */;
			targetProxy = CC62C9502BF63A31009182DA /* PBXContainerItemProxy */;
		};
/* End PBXTargetDependency section */

/* Begin XCBuildConfiguration section */
		CC62C9572BF63A31009182DA /* Debug */ = {
			isa = XCBuildConfiguration;
			buildSettings = {
				ALWAYS_SEARCH_USER_PATHS = NO;
				ASSETCATALOG_COMPILER_GENERATE_SWIFT_ASSET_SYMBOL_EXTENSIONS = YES;
				CLANG_ANALYZER_NONNULL = YES;
				CLANG_ANALYZER_NUMBER_OBJECT_CONVERSION = YES_AGGRESSIVE;
				CLANG_CXX_LANGUAGE_STANDARD = "gnu++20";
				CLANG_ENABLE_MODULES = YES;
				CLANG_ENABLE_OBJC_ARC = YES;
				CLANG_ENABLE_OBJC_WEAK = YES;
				CLANG_WARN_BLOCK_CAPTURE_AUTORELEASING = YES;
				CLANG_WARN_BOOL_CONVERSION = YES;
				CLANG_WARN_COMMA = YES;
				CLANG_WARN_CONSTANT_CONVERSION = YES;
				CLANG_WARN_DEPRECATED_OBJC_IMPLEMENTATIONS = YES;
				CLANG_WARN_DIRECT_OBJC_ISA_USAGE = YES_ERROR;
				CLANG_WARN_DOCUMENTATION_COMMENTS = YES;
				CLANG_WARN_EMPTY_BODY = YES;
				CLANG_WARN_ENUM_CONVERSION = YES;
				CLANG_WARN_INFINITE_RECURSION = YES;
				CLANG_WARN_INT_CONVERSION = YES;
				CLANG_WARN_NON_LITERAL_NULL_CONVERSION = YES;
				CLANG_WARN_OBJC_IMPLICIT_RETAIN_SELF = YES;
				CLANG_WARN_OBJC_LITERAL_CONVERSION = YES;
				CLANG_WARN_OBJC_ROOT_CLASS = YES_ERROR;
				CLANG_WARN_QUOTED_INCLUDE_IN_FRAMEWORK_HEADER = YES;
				CLANG_WARN_RANGE_LOOP_ANALYSIS = YES;
				CLANG_WARN_STRICT_PROTOTYPES = YES;
				CLANG_WARN_SUSPICIOUS_MOVE = YES;
				CLANG_WARN_UNGUARDED_AVAILABILITY = YES_AGGRESSIVE;
				CLANG_WARN_UNREACHABLE_CODE = YES;
				CLANG_WARN__DUPLICATE_METHOD_MATCH = YES;
				COPY_PHASE_STRIP = NO;
				DEBUG_INFORMATION_FORMAT = dwarf;
				ENABLE_STRICT_OBJC_MSGSEND = YES;
				ENABLE_TESTABILITY = YES;
				ENABLE_USER_SCRIPT_SANDBOXING = YES;
				GCC_C_LANGUAGE_STANDARD = gnu17;
				GCC_DYNAMIC_NO_PIC = NO;
				GCC_NO_COMMON_BLOCKS = YES;
				GCC_OPTIMIZATION_LEVEL = 0;
				GCC_PREPROCESSOR_DEFINITIONS = (
					"DEBUG=1",
					"$(inherited)",
				);
				GCC_WARN_64_TO_32_BIT_CONVERSION = YES;
				GCC_WARN_ABOUT_RETURN_TYPE = YES_ERROR;
				GCC_WARN_UNDECLARED_SELECTOR = YES;
				GCC_WARN_UNINITIALIZED_AUTOS = YES_AGGRESSIVE;
				GCC_WARN_UNUSED_FUNCTION = YES;
				GCC_WARN_UNUSED_VARIABLE = YES;
				IPHONEOS_DEPLOYMENT_TARGET = 17.2;
				LOCALIZATION_PREFERS_STRING_CATALOGS = YES;
				MTL_ENABLE_DEBUG_INFO = INCLUDE_SOURCE;
				MTL_FAST_MATH = YES;
				ONLY_ACTIVE_ARCH = YES;
				SDKROOT = iphoneos;
				SWIFT_ACTIVE_COMPILATION_CONDITIONS = "DEBUG $(inherited)";
				SWIFT_OPTIMIZATION_LEVEL = "-Onone";
			};
			name = Debug;
		};
		CC62C9582BF63A31009182DA /* Release */ = {
			isa = XCBuildConfiguration;
			buildSettings = {
				ALWAYS_SEARCH_USER_PATHS = NO;
				ASSETCATALOG_COMPILER_GENERATE_SWIFT_ASSET_SYMBOL_EXTENSIONS = YES;
				CLANG_ANALYZER_NONNULL = YES;
				CLANG_ANALYZER_NUMBER_OBJECT_CONVERSION = YES_AGGRESSIVE;
				CLANG_CXX_LANGUAGE_STANDARD = "gnu++20";
				CLANG_ENABLE_MODULES = YES;
				CLANG_ENABLE_OBJC_ARC = YES;
				CLANG_ENABLE_OBJC_WEAK = YES;
				CLANG_WARN_BLOCK_CAPTURE_AUTORELEASING = YES;
				CLANG_WARN_BOOL_CONVERSION = YES;
				CLANG_WARN_COMMA = YES;
				CLANG_WARN_CONSTANT_CONVERSION = YES;
				CLANG_WARN_DEPRECATED_OBJC_IMPLEMENTATIONS = YES;
				CLANG_WARN_DIRECT_OBJC_ISA_USAGE = YES_ERROR;
				CLANG_WARN_DOCUMENTATION_COMMENTS = YES;
				CLANG_WARN_EMPTY_BODY = YES;
				CLANG_WARN_ENUM_CONVERSION = YES;
				CLANG_WARN_INFINITE_RECURSION = YES;
				CLANG_WARN_INT_CONVERSION = YES;
				CLANG_WARN_NON_LITERAL_NULL_CONVERSION = YES;
				CLANG_WARN_OBJC_IMPLICIT_RETAIN_SELF = YES;
				CLANG_WARN_OBJC_LITERAL_CONVERSION = YES;
				CLANG_WARN_OBJC_ROOT_CLASS = YES_ERROR;
				CLANG_WARN_QUOTED_INCLUDE_IN_FRAMEWORK_HEADER = YES;
				CLANG_WARN_RANGE_LOOP_ANALYSIS = YES;
				CLANG_WARN_STRICT_PROTOTYPES = YES;
				CLANG_WARN_SUSPICIOUS_MOVE = YES;
				CLANG_WARN_UNGUARDED_AVAILABILITY = YES_AGGRESSIVE;
				CLANG_WARN_UNREACHABLE_CODE = YES;
				CLANG_WARN__DUPLICATE_METHOD_MATCH = YES;
				COPY_PHASE_STRIP = NO;
				DEBUG_INFORMATION_FORMAT = "dwarf-with-dsym";
				ENABLE_NS_ASSERTIONS = NO;
				ENABLE_STRICT_OBJC_MSGSEND = YES;
				ENABLE_USER_SCRIPT_SANDBOXING = YES;
				GCC_C_LANGUAGE_STANDARD = gnu17;
				GCC_NO_COMMON_BLOCKS = YES;
				GCC_WARN_64_TO_32_BIT_CONVERSION = YES;
				GCC_WARN_ABOUT_RETURN_TYPE = YES_ERROR;
				GCC_WARN_UNDECLARED_SELECTOR = YES;
				GCC_WARN_UNINITIALIZED_AUTOS = YES_AGGRESSIVE;
				GCC_WARN_UNUSED_FUNCTION = YES;
				GCC_WARN_UNUSED_VARIABLE = YES;
				IPHONEOS_DEPLOYMENT_TARGET = 17.2;
				LOCALIZATION_PREFERS_STRING_CATALOGS = YES;
				MTL_ENABLE_DEBUG_INFO = NO;
				MTL_FAST_MATH = YES;
				SDKROOT = iphoneos;
				SWIFT_COMPILATION_MODE = wholemodule;
				VALIDATE_PRODUCT = YES;
			};
			name = Release;
		};
		CC62C95A2BF63A31009182DA /* Debug */ = {
			isa = XCBuildConfiguration;
			buildSettings = {
				ASSETCATALOG_COMPILER_APPICON_NAME = AppIcon;
				ASSETCATALOG_COMPILER_GLOBAL_ACCENT_COLOR_NAME = AccentColor;
				CODE_SIGN_STYLE = Automatic;
				CURRENT_PROJECT_VERSION = 1;
				DEVELOPMENT_ASSET_PATHS = "\"Camp Tales/Preview Content\"";
				DEVELOPMENT_TEAM = C46QVW4ALJ;
				ENABLE_PREVIEWS = YES;
				GENERATE_INFOPLIST_FILE = YES;
				INFOPLIST_FILE = "Camp-Tales-Info.plist";
				INFOPLIST_KEY_UIApplicationSceneManifest_Generation = YES;
				INFOPLIST_KEY_UIApplicationSupportsIndirectInputEvents = YES;
				INFOPLIST_KEY_UILaunchScreen_Generation = YES;
				INFOPLIST_KEY_UISupportedInterfaceOrientations_iPad = "UIInterfaceOrientationPortrait UIInterfaceOrientationPortraitUpsideDown UIInterfaceOrientationLandscapeLeft UIInterfaceOrientationLandscapeRight";
				INFOPLIST_KEY_UISupportedInterfaceOrientations_iPhone = "UIInterfaceOrientationPortrait UIInterfaceOrientationLandscapeLeft UIInterfaceOrientationLandscapeRight";
				LD_RUNPATH_SEARCH_PATHS = (
					"$(inherited)",
					"@executable_path/Frameworks",
				);
				MARKETING_VERSION = 1.0;
				PRODUCT_BUNDLE_IDENTIFIER = "Phantom-Fury.CT";
				PRODUCT_NAME = "$(TARGET_NAME)";
				SWIFT_EMIT_LOC_STRINGS = YES;
				SWIFT_VERSION = 5.0;
				TARGETED_DEVICE_FAMILY = "1,2";
			};
			name = Debug;
		};
		CC62C95B2BF63A31009182DA /* Release */ = {
			isa = XCBuildConfiguration;
			buildSettings = {
				ASSETCATALOG_COMPILER_APPICON_NAME = AppIcon;
				ASSETCATALOG_COMPILER_GLOBAL_ACCENT_COLOR_NAME = AccentColor;
				CODE_SIGN_STYLE = Automatic;
				CURRENT_PROJECT_VERSION = 1;
				DEVELOPMENT_ASSET_PATHS = "\"Camp Tales/Preview Content\"";
				DEVELOPMENT_TEAM = C46QVW4ALJ;
				ENABLE_PREVIEWS = YES;
				GENERATE_INFOPLIST_FILE = YES;
				INFOPLIST_FILE = "Camp-Tales-Info.plist";
				INFOPLIST_KEY_UIApplicationSceneManifest_Generation = YES;
				INFOPLIST_KEY_UIApplicationSupportsIndirectInputEvents = YES;
				INFOPLIST_KEY_UILaunchScreen_Generation = YES;
				INFOPLIST_KEY_UISupportedInterfaceOrientations_iPad = "UIInterfaceOrientationPortrait UIInterfaceOrientationPortraitUpsideDown UIInterfaceOrientationLandscapeLeft UIInterfaceOrientationLandscapeRight";
				INFOPLIST_KEY_UISupportedInterfaceOrientations_iPhone = "UIInterfaceOrientationPortrait UIInterfaceOrientationLandscapeLeft UIInterfaceOrientationLandscapeRight";
				LD_RUNPATH_SEARCH_PATHS = (
					"$(inherited)",
					"@executable_path/Frameworks",
				);
				MARKETING_VERSION = 1.0;
				PRODUCT_BUNDLE_IDENTIFIER = "Phantom-Fury.CT";
				PRODUCT_NAME = "$(TARGET_NAME)";
				SWIFT_EMIT_LOC_STRINGS = YES;
				SWIFT_VERSION = 5.0;
				TARGETED_DEVICE_FAMILY = "1,2";
			};
			name = Release;
		};
		CC62C95D2BF63A31009182DA /* Debug */ = {
			isa = XCBuildConfiguration;
			buildSettings = {
				ALWAYS_EMBED_SWIFT_STANDARD_LIBRARIES = YES;
				BUNDLE_LOADER = "$(TEST_HOST)";
				CODE_SIGN_STYLE = Automatic;
				CURRENT_PROJECT_VERSION = 1;
				GENERATE_INFOPLIST_FILE = YES;
				IPHONEOS_DEPLOYMENT_TARGET = 17.2;
				MARKETING_VERSION = 1.0;
				PRODUCT_BUNDLE_IDENTIFIER = "Phantom-Fury.Camp-TalesTests";
				PRODUCT_NAME = "$(TARGET_NAME)";
				SWIFT_EMIT_LOC_STRINGS = NO;
				SWIFT_VERSION = 5.0;
				TARGETED_DEVICE_FAMILY = "1,2";
				TEST_HOST = "$(BUILT_PRODUCTS_DIR)/Camp Tales.app/$(BUNDLE_EXECUTABLE_FOLDER_PATH)/Camp Tales";
			};
			name = Debug;
		};
		CC62C95E2BF63A31009182DA /* Release */ = {
			isa = XCBuildConfiguration;
			buildSettings = {
				ALWAYS_EMBED_SWIFT_STANDARD_LIBRARIES = YES;
				BUNDLE_LOADER = "$(TEST_HOST)";
				CODE_SIGN_STYLE = Automatic;
				CURRENT_PROJECT_VERSION = 1;
				GENERATE_INFOPLIST_FILE = YES;
				IPHONEOS_DEPLOYMENT_TARGET = 17.2;
				MARKETING_VERSION = 1.0;
				PRODUCT_BUNDLE_IDENTIFIER = "Phantom-Fury.Camp-TalesTests";
				PRODUCT_NAME = "$(TARGET_NAME)";
				SWIFT_EMIT_LOC_STRINGS = NO;
				SWIFT_VERSION = 5.0;
				TARGETED_DEVICE_FAMILY = "1,2";
				TEST_HOST = "$(BUILT_PRODUCTS_DIR)/Camp Tales.app/$(BUNDLE_EXECUTABLE_FOLDER_PATH)/Camp Tales";
			};
			name = Release;
		};
		CC62C9602BF63A31009182DA /* Debug */ = {
			isa = XCBuildConfiguration;
			buildSettings = {
				ALWAYS_EMBED_SWIFT_STANDARD_LIBRARIES = YES;
				CODE_SIGN_STYLE = Automatic;
				CURRENT_PROJECT_VERSION = 1;
				GENERATE_INFOPLIST_FILE = YES;
				MARKETING_VERSION = 1.0;
				PRODUCT_BUNDLE_IDENTIFIER = "Phantom-Fury.Camp-TalesUITests";
				PRODUCT_NAME = "$(TARGET_NAME)";
				SWIFT_EMIT_LOC_STRINGS = NO;
				SWIFT_VERSION = 5.0;
				TARGETED_DEVICE_FAMILY = "1,2";
				TEST_TARGET_NAME = "Camp Tales";
			};
			name = Debug;
		};
		CC62C9612BF63A31009182DA /* Release */ = {
			isa = XCBuildConfiguration;
			buildSettings = {
				ALWAYS_EMBED_SWIFT_STANDARD_LIBRARIES = YES;
				CODE_SIGN_STYLE = Automatic;
				CURRENT_PROJECT_VERSION = 1;
				GENERATE_INFOPLIST_FILE = YES;
				MARKETING_VERSION = 1.0;
				PRODUCT_BUNDLE_IDENTIFIER = "Phantom-Fury.Camp-TalesUITests";
				PRODUCT_NAME = "$(TARGET_NAME)";
				SWIFT_EMIT_LOC_STRINGS = NO;
				SWIFT_VERSION = 5.0;
				TARGETED_DEVICE_FAMILY = "1,2";
				TEST_TARGET_NAME = "Camp Tales";
			};
			name = Release;
		};
/* End XCBuildConfiguration section */

/* Begin XCConfigurationList section */
		CC62C9302BF63A30009182DA /* Build configuration list for PBXProject "Camp Tales" */ = {
			isa = XCConfigurationList;
			buildConfigurations = (
				CC62C9572BF63A31009182DA /* Debug */,
				CC62C9582BF63A31009182DA /* Release */,
			);
			defaultConfigurationIsVisible = 0;
			defaultConfigurationName = Release;
		};
		CC62C9592BF63A31009182DA /* Build configuration list for PBXNativeTarget "Camp Tales" */ = {
			isa = XCConfigurationList;
			buildConfigurations = (
				CC62C95A2BF63A31009182DA /* Debug */,
				CC62C95B2BF63A31009182DA /* Release */,
			);
			defaultConfigurationIsVisible = 0;
			defaultConfigurationName = Release;
		};
		CC62C95C2BF63A31009182DA /* Build configuration list for PBXNativeTarget "Camp TalesTests" */ = {
			isa = XCConfigurationList;
			buildConfigurations = (
				CC62C95D2BF63A31009182DA /* Debug */,
				CC62C95E2BF63A31009182DA /* Release */,
			);
			defaultConfigurationIsVisible = 0;
			defaultConfigurationName = Release;
		};
		CC62C95F2BF63A31009182DA /* Build configuration list for PBXNativeTarget "Camp TalesUITests" */ = {
			isa = XCConfigurationList;
			buildConfigurations = (
				CC62C9602BF63A31009182DA /* Debug */,
				CC62C9612BF63A31009182DA /* Release */,
			);
			defaultConfigurationIsVisible = 0;
			defaultConfigurationName = Release;
		};
/* End XCConfigurationList section */
	};
	rootObject = CC62C92D2BF63A30009182DA /* Project object */;
}
